
Microsoft Visual Studio Solution File, Format Version 12.00
# Visual Studio 15
VisualStudioVersion = 15.0.28307.168
MinimumVisualStudioVersion = 10.0.40219.1
Project("{FAE04EC0-301F-11D3-BF4B-00C04F79EFBC}") = "GenerateTool", "GenerateTool\GenerateTool.csproj", "{0DED2389-4D41-4EF5-ACC7-9009721EA33C}"
EndProject
Global
	GlobalSection(SolutionConfigurationPlatforms) = preSolution
		Debug|Any CPU = Debug|Any CPU
		Release|Any CPU = Release|Any CPU
	EndGlobalSection
	GlobalSection(ProjectConfigurationPlatforms) = postSolution
		{0DED2389-4D41-4EF5-ACC7-9009721EA33C}.Debug|Any CPU.ActiveCfg = Debug|Any CPU
		{0DED2389-4D41-4EF5-ACC7-9009721EA33C}.Debug|Any CPU.Build.0 = Debug|Any CPU
		{0DED2389-4D41-4EF5-ACC7-9009721EA33C}.Release|Any CPU.ActiveCfg = Release|Any CPU
		{0DED2389-4D41-4EF5-ACC7-9009721EA33C}.Release|Any CPU.Build.0 = Release|Any CPU
	EndGlobalSection
	GlobalSection(SolutionProperties) = preSolution
		HideSolutionNode = FALSE
	EndGlobalSection
	GlobalSection(ExtensibilityGlobals) = postSolution
		SolutionGuid = {8D19DA88-F31D-43A3-89A2-84F627741F5C}
	EndGlobalSection
EndGlobal
